
Microsoft Visual Studio Solution File, Format Version 12.00
# Visual Studio Version 17
VisualStudioVersion = 17.12.35527.113
MinimumVisualStudioVersion = 10.0.40219.1
Project("{FAE04EC0-301F-11D3-BF4B-00C04F79EFBC}") = "Simulabs Burse Console", "Simulabs Burse Console\Simulabs Burse Console.csproj", "{3C91FD5C-D43A-4772-8B57-EC0EAA065F05}"
EndProject
Project("{2150E333-8FDC-42A3-9474-1A3956D46DE8}") = "Solution Items", "Solution Items", "{6DABA872-3DF2-417A-ACA4-89C27A898D7D}"
	ProjectSection(SolutionItems) = preProject
		README.txt = README.txt
	EndProjectSection
EndProject
Global
	GlobalSection(SolutionConfigurationPlatforms) = preSolution
		Debug|Any CPU = Debug|Any CPU
		Release|Any CPU = Release|Any CPU
	EndGlobalSection
	GlobalSection(ProjectConfigurationPlatforms) = postSolution
		{3C91FD5C-D43A-4772-8B57-EC0EAA065F05}.Debug|Any CPU.ActiveCfg = Debug|Any CPU
		{3C91FD5C-D43A-4772-8B57-EC0EAA065F05}.Debug|Any CPU.Build.0 = Debug|Any CPU
		{3C91FD5C-D43A-4772-8B57-EC0EAA065F05}.Release|Any CPU.ActiveCfg = Release|Any CPU
		{3C91FD5C-D43A-4772-8B57-EC0EAA065F05}.Release|Any CPU.Build.0 = Release|Any CPU
	EndGlobalSection
	GlobalSection(SolutionProperties) = preSolution
		HideSolutionNode = FALSE
	EndGlobalSection
EndGlobal
